
Microsoft Visual Studio Solution File, Format Version 12.00
Project("{FAE04EC0-301F-11D3-BF4B-00C04F79EFBC}") = "APBD_LAB07", "APBD_LAB07\APBD_LAB07.csproj", "{F505776A-2D87-4F21-850A-C79DBDE1B0CB}"
EndProject
Global
	GlobalSection(SolutionConfigurationPlatforms) = preSolution
		Debug|Any CPU = Debug|Any CPU
		Release|Any CPU = Release|Any CPU
	EndGlobalSection
	GlobalSection(ProjectConfigurationPlatforms) = postSolution
		{F505776A-2D87-4F21-850A-C79DBDE1B0CB}.Debug|Any CPU.ActiveCfg = Debug|Any CPU
		{F505776A-2D87-4F21-850A-C79DBDE1B0CB}.Debug|Any CPU.Build.0 = Debug|Any CPU
		{F505776A-2D87-4F21-850A-C79DBDE1B0CB}.Release|Any CPU.ActiveCfg = Release|Any CPU
		{F505776A-2D87-4F21-850A-C79DBDE1B0CB}.Release|Any CPU.Build.0 = Release|Any CPU
	EndGlobalSection
EndGlobal
