
Microsoft Visual Studio Solution File, Format Version 12.00
Project("{FAE04EC0-301F-11D3-BF4B-00C04F79EFBC}") = "APBD_LAB07", "APBD_LAB07\APBD_LAB07.csproj", "{6943B55E-E066-4586-A046-43D815A18BD0}"
EndProject
Global
	GlobalSection(SolutionConfigurationPlatforms) = preSolution
		Debug|Any CPU = Debug|Any CPU
		Release|Any CPU = Release|Any CPU
	EndGlobalSection
	GlobalSection(ProjectConfigurationPlatforms) = postSolution
		{6943B55E-E066-4586-A046-43D815A18BD0}.Debug|Any CPU.ActiveCfg = Debug|Any CPU
		{6943B55E-E066-4586-A046-43D815A18BD0}.Debug|Any CPU.Build.0 = Debug|Any CPU
		{6943B55E-E066-4586-A046-43D815A18BD0}.Release|Any CPU.ActiveCfg = Release|Any CPU
		{6943B55E-E066-4586-A046-43D815A18BD0}.Release|Any CPU.Build.0 = Release|Any CPU
	EndGlobalSection
EndGlobal
